{
  "pins" : [
    {
      "identity" : "sentry-cocoa",
      "kind" : "remoteSourceControl",
      "location" : "https://github.com/getsentry/sentry-cocoa.git",
      "state" : {
        "revision" : "88d40ec4688167b0ab8b3856eef9b3ae3076ba90",
        "version" : "8.9.0"
      }
    }
  ],
  "version" : 2
}
